
Microsoft Visual Studio Solution File, Format Version 12.00
# Visual Studio Version 17
VisualStudioVersion = 17.1.32414.318
MinimumVisualStudioVersion = 10.0.40219.1
Project("{8BC9CEB8-8B4A-11D0-8D11-00A0C91BC942}") = "lab10_2sem_2", "lab10_2sem_2\lab10_2sem_2.vcxproj", "{D9CB55A1-5B2D-4931-AABE-E47A6E5CCB83}"
EndProject
Global
	GlobalSection(SolutionConfigurationPlatforms) = preSolution
		Debug|x64 = Debug|x64
		Debug|x86 = Debug|x86
		Release|x64 = Release|x64
		Release|x86 = Release|x86
	EndGlobalSection
	GlobalSection(ProjectConfigurationPlatforms) = postSolution
		{D9CB55A1-5B2D-4931-AABE-E47A6E5CCB83}.Debug|x64.ActiveCfg = Debug|x64
		{D9CB55A1-5B2D-4931-AABE-E47A6E5CCB83}.Debug|x64.Build.0 = Debug|x64
		{D9CB55A1-5B2D-4931-AABE-E47A6E5CCB83}.Debug|x86.ActiveCfg = Debug|Win32
		{D9CB55A1-5B2D-4931-AABE-E47A6E5CCB83}.Debug|x86.Build.0 = Debug|Win32
		{D9CB55A1-5B2D-4931-AABE-E47A6E5CCB83}.Release|x64.ActiveCfg = Release|x64
		{D9CB55A1-5B2D-4931-AABE-E47A6E5CCB83}.Release|x64.Build.0 = Release|x64
		{D9CB55A1-5B2D-4931-AABE-E47A6E5CCB83}.Release|x86.ActiveCfg = Release|Win32
		{D9CB55A1-5B2D-4931-AABE-E47A6E5CCB83}.Release|x86.Build.0 = Release|Win32
	EndGlobalSection
	GlobalSection(SolutionProperties) = preSolution
		HideSolutionNode = FALSE
	EndGlobalSection
	GlobalSection(ExtensibilityGlobals) = postSolution
		SolutionGuid = {5743CC00-034F-4C1D-A3E0-4E69A8599C74}
	EndGlobalSection
EndGlobal
